
Microsoft Visual Studio Solution File, Format Version 12.00
# Visual Studio Version 17
VisualStudioVersion = 17.11.35222.181
MinimumVisualStudioVersion = 10.0.40219.1
Project("{FAE04EC0-301F-11D3-BF4B-00C04F79EFBC}") = "RGT", "RGT\RGT.csproj", "{7D691183-7EB5-4705-9D48-704AA6CE59F1}"
EndProject
Global
	GlobalSection(SolutionConfigurationPlatforms) = preSolution
		Debug|Any CPU = Debug|Any CPU
		Release|Any CPU = Release|Any CPU
	EndGlobalSection
	GlobalSection(ProjectConfigurationPlatforms) = postSolution
		{7D691183-7EB5-4705-9D48-704AA6CE59F1}.Debug|Any CPU.ActiveCfg = Debug|Any CPU
		{7D691183-7EB5-4705-9D48-704AA6CE59F1}.Debug|Any CPU.Build.0 = Debug|Any CPU
		{7D691183-7EB5-4705-9D48-704AA6CE59F1}.Release|Any CPU.ActiveCfg = Release|Any CPU
		{7D691183-7EB5-4705-9D48-704AA6CE59F1}.Release|Any CPU.Build.0 = Release|Any CPU
	EndGlobalSection
	GlobalSection(SolutionProperties) = preSolution
		HideSolutionNode = FALSE
	EndGlobalSection
	GlobalSection(ExtensibilityGlobals) = postSolution
		SolutionGuid = {08D44937-CA59-418E-BE83-3EBEE9DE5822}
	EndGlobalSection
EndGlobal
